{
  "requires": true,
  "lockfileVersion": 1,
  "dependencies": {
    "@yomguithereal/helpers": {
      "version": "1.0.0",
      "resolved": "https://registry.npmjs.org/@yomguithereal/helpers/-/helpers-1.0.0.tgz",
      "integrity": "sha512-4aVswg2KUURzLRbCq+ifNiTBFTh6Cg7JRRCqs+xR4QAKHvSyMLJlSpVbUtL1sl7b847S96q8ozXaMtJiYndDLg=="
    },
    "events": {
      "version": "3.0.0",
      "resolved": "https://registry.npmjs.org/events/-/events-3.0.0.tgz",
      "integrity": "sha512-Dc381HFWJzEOhQ+d8pkNon++bk9h6cdAoAj4iE6Q4y6xgTzySWXlKn05/TVNpjnfRqi/X0EpJEJohPjNI3zpVA=="
    },
    "graphology-metrics": {
      "version": "1.6.0",
      "resolved": "https://registry.npmjs.org/graphology-metrics/-/graphology-metrics-1.6.0.tgz",
      "integrity": "sha512-LSm1VoutunkFpfGH2FSzbsTi8Xo92xc29tBp0L+SI+hOCj8nDMwr422IXtYk8mwiCGQAhq+towXCetu1qsJViw==",
      "requires": {
        "graphology-shortest-path": "^1.0.1",
        "graphology-utils": "^1.3.0",
        "lodash": "^4.17.5"
      }
    },
    "graphology-shortest-path": {
      "version": "1.0.4",
      "resolved": "https://registry.npmjs.org/graphology-shortest-path/-/graphology-shortest-path-1.0.4.tgz",
      "integrity": "sha512-ej1jmBQGJdOqOM1gfMwPPvMKCYttEoWP4s0k2tZafcdhZ4UdQv/55QtUvSSKfnCOxMceQ63lr5dBaBrvCu1kHQ==",
      "requires": {
        "graphology-utils": "^1.3.1",
        "mnemonist": "^0.25.1"
      }
    },
    "graphology-utils": {
      "version": "1.5.0",
      "resolved": "https://registry.npmjs.org/graphology-utils/-/graphology-utils-1.5.0.tgz",
      "integrity": "sha512-MeK1eYYQHtMdJUknmnUNHmEjs9lNO1yJu6hM1kIV2kWXUUdEQo0zxMND0zAD2Zs8tX+hkXoFpakl1U7ZTTwb6g=="
    },
    "lodash": {
      "version": "4.17.15",
      "resolved": "https://registry.npmjs.org/lodash/-/lodash-4.17.15.tgz",
      "integrity": "sha512-8xOcRHvCjnocdS5cpwXQXVzmmh5e5+saE2QGoeQmbKmRS6J3VQppPOIt0MnmE+4xlZoumy0GPG0D0MVIQbNA1A=="
    },
    "mnemonist": {
      "version": "0.25.1",
      "resolved": "https://registry.npmjs.org/mnemonist/-/mnemonist-0.25.1.tgz",
      "integrity": "sha512-BlWWlKGk1ujJ3pC97ZJbUgRHwm+XF6aaoG7MXqiexBk5DoeOwJPrdADhteaK4/Jp4cWehCk3hSNXYx1UlVAOkg==",
      "requires": {
        "obliterator": "^1.4.0"
      }
    },
    "obliterator": {
      "version": "1.5.0",
      "resolved": "https://registry.npmjs.org/obliterator/-/obliterator-1.5.0.tgz",
      "integrity": "sha512-dENe0UviDf8/auXn0bIBKwCcUr49khvSBWDLlszv/ZB2qz1VxWDmkNKFqO2nfmve7hQb/QIDY7+rc7K3LdJimQ=="
    },
    "sigma": {
      "version": "2.0.0-alpha22",
      "resolved": "https://registry.npmjs.org/sigma/-/sigma-2.0.0-alpha22.tgz",
      "integrity": "sha512-gaym21v/ksvQjGT6viVViaHsNj4ctoCcia7KJ4tLZXHsptPHU311Q33k69Y0Ea3UYXQF4T5OR3HHC80Lsd8+/Q==",
      "requires": {
        "@yomguithereal/helpers": "^1.0.0",
        "events": "^3.0.0",
        "graphology-metrics": "1.6.0",
        "graphology-utils": "^1.4.0"
      }
    }
  }
}
